
Microsoft Visual Studio Solution File, Format Version 12.00
Project("{FAE04EC0-301F-11D3-BF4B-00C04F79EFBC}") = "constructorExample2", "constructorExample2\constructorExample2.csproj", "{7A9D11F5-FEF0-48EC-A166-F8C8E1EABEC3}"
EndProject
Global
	GlobalSection(SolutionConfigurationPlatforms) = preSolution
		Debug|Any CPU = Debug|Any CPU
		Release|Any CPU = Release|Any CPU
	EndGlobalSection
	GlobalSection(ProjectConfigurationPlatforms) = postSolution
		{7A9D11F5-FEF0-48EC-A166-F8C8E1EABEC3}.Debug|Any CPU.ActiveCfg = Debug|Any CPU
		{7A9D11F5-FEF0-48EC-A166-F8C8E1EABEC3}.Debug|Any CPU.Build.0 = Debug|Any CPU
		{7A9D11F5-FEF0-48EC-A166-F8C8E1EABEC3}.Release|Any CPU.ActiveCfg = Release|Any CPU
		{7A9D11F5-FEF0-48EC-A166-F8C8E1EABEC3}.Release|Any CPU.Build.0 = Release|Any CPU
	EndGlobalSection
EndGlobal
